# ระบบเช็คชื่อเข้าเรียน (React + Supabase)

เว็บแอปเช็คชื่อนักเรียนตามรายวิชา นักเรียนเปิดจากลิงก์บนมือถือตัวเองได้จริง
รหัสเช็คชื่อ **หมุนทุก 1 นาที** และคำนวณฝั่ง server — นักเรียนเอา secret ไปคำนวณรหัสล่วงหน้าไม่ได้
เช็คชื่อต้องกรอกรหัสเต็ม + ชื่อเล่น + ถ่ายรูปในห้อง และกันเช็คแทน/เช็คซ้ำ

---

## สรุปสถาปัตยกรรม

- **Frontend**: React (Vite) + Tailwind → deploy บน Netlify (ฟรี)
- **Backend/DB**: Supabase (Postgres + Storage, ฟรี tier)
- ตรรกะทั้งหมด (เปิดคาบ, คำนวณรหัส, ตรวจรหัส, เช็คซ้ำ) อยู่ใน **RPC ฝั่ง Supabase**
  ตาราง `sessions`/`checkins` เปิด RLS โดยไม่มี policy = client แตะตรงไม่ได้ ต้องผ่านฟังก์ชันเท่านั้น
- รูปถ่ายเก็บใน Supabase Storage (bucket `selfies`)

---

## ขั้นตอนที่ 1 — ตั้งค่า Supabase

1. สมัคร/เข้า https://supabase.com → **New project** (จำรหัส database ไว้)
2. เข้าเมนู **SQL Editor** → **New query** → เปิดไฟล์ `supabase/schema.sql` คัดลอกทั้งหมดไปวาง → กด **Run**
   - จะสร้างตาราง, ฟังก์ชัน, Storage bucket และตั้ง **PIN อาจารย์ = `2468`** ให้อัตโนมัติ
   - อยากเปลี่ยน PIN: แก้บรรทัด `insert into app_config ... '2468'` ก่อน Run หรือรันคำสั่งนี้ทีหลัง
     ```sql
     update app_config set value = 'PINใหม่' where key = 'teacher_key';
     ```
3. เข้า **Project Settings → API** จดค่า 2 อย่าง:
   - **Project URL** (เช่น `https://abcd.supabase.co`)
   - **anon public key** (คีย์ยาว ๆ)

## ขั้นตอนที่ 2 — รันบนเครื่องตัวเอง (ทดสอบ)

```bash
npm install
cp .env.example .env      # แล้วเปิด .env ใส่ค่า URL + anon key จากขั้นตอนที่ 1
npm run dev               # เปิด http://localhost:5173
```

ทดสอบ: เข้าโหมดอาจารย์ (PIN 2468) → เปิดคาบ → เปิดอีกแท็บเป็นนักเรียน → กรอกรหัสบนจอ → เช็คชื่อ

## ขั้นตอนที่ 3 — Deploy บน Netlify

1. push โค้ดขึ้น GitHub (repo ใหม่)
2. เข้า https://app.netlify.com → **Add new site → Import an existing project** → เลือก repo
   - Build command: `npm run build` · Publish directory: `dist` (มีใน `netlify.toml` แล้ว)
3. **Site settings → Environment variables** ใส่:
   - `VITE_SUPABASE_URL` = Project URL
   - `VITE_SUPABASE_ANON_KEY` = anon public key
4. **Deploy** → ได้ลิงก์ เช่น `https://ชื่อ.netlify.app`
   - อาจารย์เปิดลิงก์นี้ (โหมดอาจารย์) ฉายจอรหัส
   - นักเรียนเปิดลิงก์เดียวกันบนมือถือ (โหมดนักเรียน)

> เปลี่ยน env ทีหลังต้องกด **Redeploy** ครั้งหนึ่ง

---

## วิธีใช้จริงในห้อง

1. อาจารย์: โหมดอาจารย์ → เลือกวิชา → **เปิดคาบเรียนใหม่** (ระบบตั้ง "ครั้งที่ N" ให้เอง)
2. ฉายจอรหัส 6 หลักให้เห็น (เปลี่ยนเองทุกนาที) รายชื่อคนเช็คขึ้นสด เรียงตามรหัส
3. นักเรียน: โหมดนักเรียน → เลือกวิชา → กรอกรหัสนักศึกษา (ขึ้นชื่อให้) → รหัสบนจอ → ชื่อเล่น → ถ่ายรูป → ยืนยัน
4. จบคาบกด **ปิดคาบ** แล้วส่งออก Excel (รายครั้ง หรือ สรุปทั้งเทอม)

## แก้รายชื่อนักเรียน / วิชา

แก้ที่ `src/data.js` (อาเรย์ `R_ARTHIST_001`, `R_ARTHIST_002`, `R_COSTUME` และ `SUBJECTS`)
ค่า `id` ของวิชาต้องคงที่ เพราะใช้อ้างอิงในฐานข้อมูล

## ข้อควรรู้ด้านความปลอดภัย (ระดับเครื่องมือในห้องเรียน)

- รูปถ่ายอยู่ใน bucket แบบ public-read แต่ชื่อไฟล์เดารหัสยาก (uuid) เหมาะกับการยืนยันตัวตนในห้อง
  ถ้าต้องการเข้มกว่านี้ เปลี่ยน bucket เป็น private แล้วใช้ signed URL (ต้องเพิ่มโค้ดฝั่งอาจารย์)
- PIN อาจารย์ถูกตรวจฝั่ง server ทุกครั้ง — นักเรียนไม่เห็นรายชื่อ/รูปคนอื่นถ้าไม่มี PIN
- ช่วงตัดรอบรหัส ระบบรับทั้งรหัสนาทีปัจจุบันและนาทีก่อนหน้า 1 นาที กันพลาดจังหวะเปลี่ยน
